
Microsoft Visual Studio Solution File, Format Version 12.00
# Visual Studio Version 17
VisualStudioVersion = 17.8.34309.116
MinimumVisualStudioVersion = 10.0.40219.1
Project("{FAE04EC0-301F-11D3-BF4B-00C04F79EFBC}") = "Data", "Data\Data.csproj", "{7F4418A0-F727-4E15-A087-AC58E58D1714}"
EndProject
Global
	GlobalSection(SolutionConfigurationPlatforms) = preSolution
		Debug|Any CPU = Debug|Any CPU
		Release|Any CPU = Release|Any CPU
	EndGlobalSection
	GlobalSection(ProjectConfigurationPlatforms) = postSolution
		{7F4418A0-F727-4E15-A087-AC58E58D1714}.Debug|Any CPU.ActiveCfg = Debug|Any CPU
		{7F4418A0-F727-4E15-A087-AC58E58D1714}.Debug|Any CPU.Build.0 = Debug|Any CPU
		{7F4418A0-F727-4E15-A087-AC58E58D1714}.Release|Any CPU.ActiveCfg = Release|Any CPU
		{7F4418A0-F727-4E15-A087-AC58E58D1714}.Release|Any CPU.Build.0 = Release|Any CPU
	EndGlobalSection
	GlobalSection(SolutionProperties) = preSolution
		HideSolutionNode = FALSE
	EndGlobalSection
	GlobalSection(ExtensibilityGlobals) = postSolution
		SolutionGuid = {9A192F42-A675-49D1-923D-E96C3D11AA4E}
	EndGlobalSection
EndGlobal
